
Microsoft Visual Studio Solution File, Format Version 12.00
# Visual Studio Version 16
VisualStudioVersion = 16.0.30517.126
MinimumVisualStudioVersion = 10.0.40219.1
Project("{FAE04EC0-301F-11D3-BF4B-00C04F79EFBC}") = "lab 01", "lab 01\lab 01.csproj", "{0094DB84-6672-48A0-A08E-FC55A89CAC54}"
EndProject
Global
	GlobalSection(SolutionConfigurationPlatforms) = preSolution
		Debug|Any CPU = Debug|Any CPU
		Release|Any CPU = Release|Any CPU
	EndGlobalSection
	GlobalSection(ProjectConfigurationPlatforms) = postSolution
		{0094DB84-6672-48A0-A08E-FC55A89CAC54}.Debug|Any CPU.ActiveCfg = Debug|Any CPU
		{0094DB84-6672-48A0-A08E-FC55A89CAC54}.Debug|Any CPU.Build.0 = Debug|Any CPU
		{0094DB84-6672-48A0-A08E-FC55A89CAC54}.Release|Any CPU.ActiveCfg = Release|Any CPU
		{0094DB84-6672-48A0-A08E-FC55A89CAC54}.Release|Any CPU.Build.0 = Release|Any CPU
	EndGlobalSection
	GlobalSection(SolutionProperties) = preSolution
		HideSolutionNode = FALSE
	EndGlobalSection
	GlobalSection(ExtensibilityGlobals) = postSolution
		SolutionGuid = {AAE6FEFD-5986-49A1-A8E7-B25A1BB6BCC8}
	EndGlobalSection
EndGlobal
